
Microsoft Visual Studio Solution File, Format Version 12.00
# Visual Studio 2013
VisualStudioVersion = 12.0.31101.0
MinimumVisualStudioVersion = 10.0.40219.1
Project("{2150E333-8FDC-42A3-9474-1A3956D46DE8}") = "src", "src", "{1D147B2C-3606-4AD7-B393-8C06338BBF88}"
EndProject
Project("{2150E333-8FDC-42A3-9474-1A3956D46DE8}") = "test", "test", "{5964245F-6F4A-48B9-A22C-58AD436122EB}"
EndProject
Project("{FAE04EC0-301F-11D3-BF4B-00C04F79EFBC}") = "Gesetzesentwicklung.GII.Tests", "test\Gesetzesentwicklung.GII.Tests\Gesetzesentwicklung.GII.Tests.csproj", "{7530FE32-6DE4-4D8E-A412-69BDC4BFB774}"
EndProject
Project("{FAE04EC0-301F-11D3-BF4B-00C04F79EFBC}") = "Gesetzesentwicklung.Markdown.Tests", "test\Gesetzesentwicklung.Markdown.Tests\Gesetzesentwicklung.Markdown.Tests.csproj", "{A3EF3F91-F2A2-4F12-A7FB-27040574627D}"
EndProject
Project("{FAE04EC0-301F-11D3-BF4B-00C04F79EFBC}") = "Gesetzesentwicklung.Markdown", "src\Gesetzesentwicklung.Markdown\Gesetzesentwicklung.Markdown.csproj", "{E47FE18A-E251-4B06-AD5A-71308A2FB4D1}"
EndProject
Project("{FAE04EC0-301F-11D3-BF4B-00C04F79EFBC}") = "Gesetzesentwicklung.Lizenzen", "src\Gesetzesentwicklung.Lizenzen\Gesetzesentwicklung.Lizenzen.csproj", "{683C3CE6-E9A4-4050-842C-0DA307458280}"
EndProject
Project("{FAE04EC0-301F-11D3-BF4B-00C04F79EFBC}") = "Gesetzesentwicklung.Git", "src\Gesetzesentwicklung.Git\Gesetzesentwicklung.Git.csproj", "{E37FECE3-0A32-4A05-8634-B94ABC835AD3}"
EndProject
Project("{FAE04EC0-301F-11D3-BF4B-00C04F79EFBC}") = "Gesetzesentwicklung.Git.Tests", "test\Gesetzesentwicklung.Git.Tests\Gesetzesentwicklung.Git.Tests.csproj", "{5858B232-EB49-40D3-BA62-B76E91F9D23A}"
EndProject
Project("{FAE04EC0-301F-11D3-BF4B-00C04F79EFBC}") = "Gesetzesentwicklung.Models.Tests", "test\Gesetzesentwicklung.Models.Tests\Gesetzesentwicklung.Models.Tests.csproj", "{242FC44D-2EE8-4A84-B353-EEA1D9834E71}"
EndProject
Project("{FAE04EC0-301F-11D3-BF4B-00C04F79EFBC}") = "Gesetzesentwicklung.Shared.Tests", "test\Gesetzesentwicklung.Shared.Tests\Gesetzesentwicklung.Shared.Tests.csproj", "{160933C5-8BA9-46ED-9EB0-FEED3E56E039}"
EndProject
Project("{FAE04EC0-301F-11D3-BF4B-00C04F79EFBC}") = "Gesetzesentwicklung.Shared", "src\Gesetzesentwicklung.Shared\Gesetzesentwicklung.Shared.csproj", "{11C3B8E3-DC96-4CAC-B1B1-88A8427DA25C}"
EndProject
Project("{FAE04EC0-301F-11D3-BF4B-00C04F79EFBC}") = "Gesetzesentwicklung.Models", "src\Gesetzesentwicklung.Models\Gesetzesentwicklung.Models.csproj", "{F7B91DF7-D12C-439B-AEDD-48F0E9EAEE09}"
EndProject
Project("{FAE04EC0-301F-11D3-BF4B-00C04F79EFBC}") = "Gesetzesentwicklung.GII", "src\Gesetzesentwicklung.GII\Gesetzesentwicklung.GII.csproj", "{2929F0B3-6303-4FCE-A257-86EE6F30FD3F}"
EndProject
Project("{FAE04EC0-301F-11D3-BF4B-00C04F79EFBC}") = "Gesetzesentwicklung.Validators", "src\Gesetzesentwicklung.Validators\Gesetzesentwicklung.Validators.csproj", "{8419AFD6-E2B5-4FF8-9143-855F479EB502}"
EndProject
Project("{FAE04EC0-301F-11D3-BF4B-00C04F79EFBC}") = "Gesetzesentwicklung.Validators.Tests", "test\Gesetzesentwicklung.Validators.Tests\Gesetzesentwicklung.Validators.Tests.csproj", "{8B9764A5-B225-4825-8572-025AAB699691}"
EndProject
Project("{FAE04EC0-301F-11D3-BF4B-00C04F79EFBC}") = "Gesetzesentwicklung.GUI", "src\Gesetzesentwicklung.GUI\Gesetzesentwicklung.GUI.csproj", "{8FFA93A3-9F3E-4793-A0C3-9DE89FE028EC}"
EndProject
Project("{FAE04EC0-301F-11D3-BF4B-00C04F79EFBC}") = "Gesetzesentwicklung.Lizenzen.Tests", "test\Gesetzesentwicklung.Lizenzen.Tests\Gesetzesentwicklung.Lizenzen.Tests.csproj", "{6FD2B557-587D-432E-BC0A-E7D0C530C9CD}"
EndProject
Project("{FAE04EC0-301F-11D3-BF4B-00C04F79EFBC}") = "Gesetzesentwicklung.GL", "src\Gesetzesentwicklung.GL\Gesetzesentwicklung.GL.csproj", "{3D64943B-B165-4A00-9B77-09D49BBA3171}"
EndProject
Project("{FAE04EC0-301F-11D3-BF4B-00C04F79EFBC}") = "Gesetzesentwicklung.GL.Tests", "test\Gesetzesentwicklung.GL.Tests\Gesetzesentwicklung.GL.Tests.csproj", "{E116DD1B-D04F-4E37-BA98-8BBDDDC55A92}"
EndProject
Project("{FAE04EC0-301F-11D3-BF4B-00C04F79EFBC}") = "Gesetzesentwicklung.NuGetPackages", "test\Gesetzesentwicklung.NuGetPackages\Gesetzesentwicklung.NuGetPackages.csproj", "{9DAEF904-DA40-458A-886F-750CDC08FC60}"
EndProject
Project("{2150E333-8FDC-42A3-9474-1A3956D46DE8}") = ".nuget", ".nuget", "{3987BA60-9711-411C-8721-DA429E731637}"
	ProjectSection(SolutionItems) = preProject
		.nuget\packages.config = .nuget\packages.config
	EndProjectSection
EndProject
Project("{2150E333-8FDC-42A3-9474-1A3956D46DE8}") = "Solution Items", "Solution Items", "{A52A4EB4-2311-42B0-8653-F3D7122F4F83}"
	ProjectSection(SolutionItems) = preProject
		appveyor.yml = appveyor.yml
		build.tasks.ps1 = build.tasks.ps1
		CodeCoverage.runsettings = CodeCoverage.runsettings
		LICENSE = LICENSE
		README.md = README.md
	EndProjectSection
EndProject
Global
	GlobalSection(SolutionConfigurationPlatforms) = preSolution
		Debug|Any CPU = Debug|Any CPU
		Release|Any CPU = Release|Any CPU
	EndGlobalSection
	GlobalSection(ProjectConfigurationPlatforms) = postSolution
		{7530FE32-6DE4-4D8E-A412-69BDC4BFB774}.Debug|Any CPU.ActiveCfg = Debug|Any CPU
		{7530FE32-6DE4-4D8E-A412-69BDC4BFB774}.Debug|Any CPU.Build.0 = Debug|Any CPU
		{7530FE32-6DE4-4D8E-A412-69BDC4BFB774}.Release|Any CPU.ActiveCfg = Release|Any CPU
		{7530FE32-6DE4-4D8E-A412-69BDC4BFB774}.Release|Any CPU.Build.0 = Release|Any CPU
		{A3EF3F91-F2A2-4F12-A7FB-27040574627D}.Debug|Any CPU.ActiveCfg = Debug|Any CPU
		{A3EF3F91-F2A2-4F12-A7FB-27040574627D}.Debug|Any CPU.Build.0 = Debug|Any CPU
		{A3EF3F91-F2A2-4F12-A7FB-27040574627D}.Release|Any CPU.ActiveCfg = Release|Any CPU
		{A3EF3F91-F2A2-4F12-A7FB-27040574627D}.Release|Any CPU.Build.0 = Release|Any CPU
		{E47FE18A-E251-4B06-AD5A-71308A2FB4D1}.Debug|Any CPU.ActiveCfg = Debug|Any CPU
		{E47FE18A-E251-4B06-AD5A-71308A2FB4D1}.Debug|Any CPU.Build.0 = Debug|Any CPU
		{E47FE18A-E251-4B06-AD5A-71308A2FB4D1}.Release|Any CPU.ActiveCfg = Release|Any CPU
		{E47FE18A-E251-4B06-AD5A-71308A2FB4D1}.Release|Any CPU.Build.0 = Release|Any CPU
		{683C3CE6-E9A4-4050-842C-0DA307458280}.Debug|Any CPU.ActiveCfg = Debug|Any CPU
		{683C3CE6-E9A4-4050-842C-0DA307458280}.Debug|Any CPU.Build.0 = Debug|Any CPU
		{683C3CE6-E9A4-4050-842C-0DA307458280}.Release|Any CPU.ActiveCfg = Release|Any CPU
		{683C3CE6-E9A4-4050-842C-0DA307458280}.Release|Any CPU.Build.0 = Release|Any CPU
		{E37FECE3-0A32-4A05-8634-B94ABC835AD3}.Debug|Any CPU.ActiveCfg = Debug|Any CPU
		{E37FECE3-0A32-4A05-8634-B94ABC835AD3}.Debug|Any CPU.Build.0 = Debug|Any CPU
		{E37FECE3-0A32-4A05-8634-B94ABC835AD3}.Release|Any CPU.ActiveCfg = Release|Any CPU
		{E37FECE3-0A32-4A05-8634-B94ABC835AD3}.Release|Any CPU.Build.0 = Release|Any CPU
		{5858B232-EB49-40D3-BA62-B76E91F9D23A}.Debug|Any CPU.ActiveCfg = Debug|Any CPU
		{5858B232-EB49-40D3-BA62-B76E91F9D23A}.Debug|Any CPU.Build.0 = Debug|Any CPU
		{5858B232-EB49-40D3-BA62-B76E91F9D23A}.Release|Any CPU.ActiveCfg = Release|Any CPU
		{5858B232-EB49-40D3-BA62-B76E91F9D23A}.Release|Any CPU.Build.0 = Release|Any CPU
		{242FC44D-2EE8-4A84-B353-EEA1D9834E71}.Debug|Any CPU.ActiveCfg = Debug|Any CPU
		{242FC44D-2EE8-4A84-B353-EEA1D9834E71}.Debug|Any CPU.Build.0 = Debug|Any CPU
		{242FC44D-2EE8-4A84-B353-EEA1D9834E71}.Release|Any CPU.ActiveCfg = Release|Any CPU
		{242FC44D-2EE8-4A84-B353-EEA1D9834E71}.Release|Any CPU.Build.0 = Release|Any CPU
		{160933C5-8BA9-46ED-9EB0-FEED3E56E039}.Debug|Any CPU.ActiveCfg = Debug|Any CPU
		{160933C5-8BA9-46ED-9EB0-FEED3E56E039}.Debug|Any CPU.Build.0 = Debug|Any CPU
		{160933C5-8BA9-46ED-9EB0-FEED3E56E039}.Release|Any CPU.ActiveCfg = Release|Any CPU
		{160933C5-8BA9-46ED-9EB0-FEED3E56E039}.Release|Any CPU.Build.0 = Release|Any CPU
		{11C3B8E3-DC96-4CAC-B1B1-88A8427DA25C}.Debug|Any CPU.ActiveCfg = Debug|Any CPU
		{11C3B8E3-DC96-4CAC-B1B1-88A8427DA25C}.Debug|Any CPU.Build.0 = Debug|Any CPU
		{11C3B8E3-DC96-4CAC-B1B1-88A8427DA25C}.Release|Any CPU.ActiveCfg = Release|Any CPU
		{11C3B8E3-DC96-4CAC-B1B1-88A8427DA25C}.Release|Any CPU.Build.0 = Release|Any CPU
		{F7B91DF7-D12C-439B-AEDD-48F0E9EAEE09}.Debug|Any CPU.ActiveCfg = Debug|Any CPU
		{F7B91DF7-D12C-439B-AEDD-48F0E9EAEE09}.Debug|Any CPU.Build.0 = Debug|Any CPU
		{F7B91DF7-D12C-439B-AEDD-48F0E9EAEE09}.Release|Any CPU.ActiveCfg = Release|Any CPU
		{F7B91DF7-D12C-439B-AEDD-48F0E9EAEE09}.Release|Any CPU.Build.0 = Release|Any CPU
		{2929F0B3-6303-4FCE-A257-86EE6F30FD3F}.Debug|Any CPU.ActiveCfg = Debug|Any CPU
		{2929F0B3-6303-4FCE-A257-86EE6F30FD3F}.Debug|Any CPU.Build.0 = Debug|Any CPU
		{2929F0B3-6303-4FCE-A257-86EE6F30FD3F}.Release|Any CPU.ActiveCfg = Release|Any CPU
		{2929F0B3-6303-4FCE-A257-86EE6F30FD3F}.Release|Any CPU.Build.0 = Release|Any CPU
		{8419AFD6-E2B5-4FF8-9143-855F479EB502}.Debug|Any CPU.ActiveCfg = Debug|Any CPU
		{8419AFD6-E2B5-4FF8-9143-855F479EB502}.Debug|Any CPU.Build.0 = Debug|Any CPU
		{8419AFD6-E2B5-4FF8-9143-855F479EB502}.Release|Any CPU.ActiveCfg = Release|Any CPU
		{8419AFD6-E2B5-4FF8-9143-855F479EB502}.Release|Any CPU.Build.0 = Release|Any CPU
		{8B9764A5-B225-4825-8572-025AAB699691}.Debug|Any CPU.ActiveCfg = Debug|Any CPU
		{8B9764A5-B225-4825-8572-025AAB699691}.Debug|Any CPU.Build.0 = Debug|Any CPU
		{8B9764A5-B225-4825-8572-025AAB699691}.Release|Any CPU.ActiveCfg = Release|Any CPU
		{8B9764A5-B225-4825-8572-025AAB699691}.Release|Any CPU.Build.0 = Release|Any CPU
		{8FFA93A3-9F3E-4793-A0C3-9DE89FE028EC}.Debug|Any CPU.ActiveCfg = Debug|Any CPU
		{8FFA93A3-9F3E-4793-A0C3-9DE89FE028EC}.Debug|Any CPU.Build.0 = Debug|Any CPU
		{8FFA93A3-9F3E-4793-A0C3-9DE89FE028EC}.Release|Any CPU.ActiveCfg = Release|Any CPU
		{8FFA93A3-9F3E-4793-A0C3-9DE89FE028EC}.Release|Any CPU.Build.0 = Release|Any CPU
		{6FD2B557-587D-432E-BC0A-E7D0C530C9CD}.Debug|Any CPU.ActiveCfg = Debug|Any CPU
		{6FD2B557-587D-432E-BC0A-E7D0C530C9CD}.Debug|Any CPU.Build.0 = Debug|Any CPU
		{6FD2B557-587D-432E-BC0A-E7D0C530C9CD}.Release|Any CPU.ActiveCfg = Release|Any CPU
		{6FD2B557-587D-432E-BC0A-E7D0C530C9CD}.Release|Any CPU.Build.0 = Release|Any CPU
		{3D64943B-B165-4A00-9B77-09D49BBA3171}.Debug|Any CPU.ActiveCfg = Debug|Any CPU
		{3D64943B-B165-4A00-9B77-09D49BBA3171}.Debug|Any CPU.Build.0 = Debug|Any CPU
		{3D64943B-B165-4A00-9B77-09D49BBA3171}.Release|Any CPU.ActiveCfg = Release|Any CPU
		{3D64943B-B165-4A00-9B77-09D49BBA3171}.Release|Any CPU.Build.0 = Release|Any CPU
		{E116DD1B-D04F-4E37-BA98-8BBDDDC55A92}.Debug|Any CPU.ActiveCfg = Debug|Any CPU
		{E116DD1B-D04F-4E37-BA98-8BBDDDC55A92}.Debug|Any CPU.Build.0 = Debug|Any CPU
		{E116DD1B-D04F-4E37-BA98-8BBDDDC55A92}.Release|Any CPU.ActiveCfg = Release|Any CPU
		{E116DD1B-D04F-4E37-BA98-8BBDDDC55A92}.Release|Any CPU.Build.0 = Release|Any CPU
		{9DAEF904-DA40-458A-886F-750CDC08FC60}.Debug|Any CPU.ActiveCfg = Debug|Any CPU
		{9DAEF904-DA40-458A-886F-750CDC08FC60}.Debug|Any CPU.Build.0 = Debug|Any CPU
		{9DAEF904-DA40-458A-886F-750CDC08FC60}.Release|Any CPU.ActiveCfg = Release|Any CPU
		{9DAEF904-DA40-458A-886F-750CDC08FC60}.Release|Any CPU.Build.0 = Release|Any CPU
	EndGlobalSection
	GlobalSection(SolutionProperties) = preSolution
		HideSolutionNode = FALSE
	EndGlobalSection
	GlobalSection(NestedProjects) = preSolution
		{7530FE32-6DE4-4D8E-A412-69BDC4BFB774} = {5964245F-6F4A-48B9-A22C-58AD436122EB}
		{A3EF3F91-F2A2-4F12-A7FB-27040574627D} = {5964245F-6F4A-48B9-A22C-58AD436122EB}
		{E47FE18A-E251-4B06-AD5A-71308A2FB4D1} = {1D147B2C-3606-4AD7-B393-8C06338BBF88}
		{683C3CE6-E9A4-4050-842C-0DA307458280} = {1D147B2C-3606-4AD7-B393-8C06338BBF88}
		{E37FECE3-0A32-4A05-8634-B94ABC835AD3} = {1D147B2C-3606-4AD7-B393-8C06338BBF88}
		{5858B232-EB49-40D3-BA62-B76E91F9D23A} = {5964245F-6F4A-48B9-A22C-58AD436122EB}
		{242FC44D-2EE8-4A84-B353-EEA1D9834E71} = {5964245F-6F4A-48B9-A22C-58AD436122EB}
		{160933C5-8BA9-46ED-9EB0-FEED3E56E039} = {5964245F-6F4A-48B9-A22C-58AD436122EB}
		{11C3B8E3-DC96-4CAC-B1B1-88A8427DA25C} = {1D147B2C-3606-4AD7-B393-8C06338BBF88}
		{F7B91DF7-D12C-439B-AEDD-48F0E9EAEE09} = {1D147B2C-3606-4AD7-B393-8C06338BBF88}
		{2929F0B3-6303-4FCE-A257-86EE6F30FD3F} = {1D147B2C-3606-4AD7-B393-8C06338BBF88}
		{8419AFD6-E2B5-4FF8-9143-855F479EB502} = {1D147B2C-3606-4AD7-B393-8C06338BBF88}
		{8B9764A5-B225-4825-8572-025AAB699691} = {5964245F-6F4A-48B9-A22C-58AD436122EB}
		{8FFA93A3-9F3E-4793-A0C3-9DE89FE028EC} = {1D147B2C-3606-4AD7-B393-8C06338BBF88}
		{6FD2B557-587D-432E-BC0A-E7D0C530C9CD} = {5964245F-6F4A-48B9-A22C-58AD436122EB}
		{3D64943B-B165-4A00-9B77-09D49BBA3171} = {1D147B2C-3606-4AD7-B393-8C06338BBF88}
		{E116DD1B-D04F-4E37-BA98-8BBDDDC55A92} = {5964245F-6F4A-48B9-A22C-58AD436122EB}
		{9DAEF904-DA40-458A-886F-750CDC08FC60} = {5964245F-6F4A-48B9-A22C-58AD436122EB}
	EndGlobalSection
EndGlobal
